// !$*UTF8*$!
{
	archiveVersion = 1;
	classes = {
	};
	objectVersion = 56;
	objects = {

/* Begin PBXBuildFile section */
		0F294D52294973DF009742A2 /* EssentialFeediOS.docc in Sources */ = {isa = PBXBuildFile; fileRef = 0F294D51294973DF009742A2 /* EssentialFeediOS.docc */; };
		0F294D58294973DF009742A2 /* EssentialFeediOS.framework in Frameworks */ = {isa = PBXBuildFile; fileRef = 0F294D4E294973DF009742A2 /* EssentialFeediOS.framework */; };
		0F294D6629497F9E009742A2 /* FeedViewControllerTests.swift in Sources */ = {isa = PBXBuildFile; fileRef = 0F294D6529497F9E009742A2 /* FeedViewControllerTests.swift */; };
		0F294D6829499882009742A2 /* EssentialFeed.framework in Frameworks */ = {isa = PBXBuildFile; fileRef = 0FF606EA29373EDC004E66F7 /* EssentialFeed.framework */; };
		0F294D6929499882009742A2 /* EssentialFeed.framework in Embed Frameworks */ = {isa = PBXBuildFile; fileRef = 0FF606EA29373EDC004E66F7 /* EssentialFeed.framework */; settings = {ATTRIBUTES = (CodeSignOnCopy, RemoveHeadersOnCopy, ); }; };
		0F294D6D294999AC009742A2 /* XCTestCase+MemoryLeakTracking.swift in Sources */ = {isa = PBXBuildFile; fileRef = 0FD18517293D9D5200278AE6 /* XCTestCase+MemoryLeakTracking.swift */; };
		0F294D6F2949A36A009742A2 /* FeedViewController.swift in Sources */ = {isa = PBXBuildFile; fileRef = 0F294D6E2949A36A009742A2 /* FeedViewController.swift */; };
		0F294D712949AB85009742A2 /* FeedImageCell.swift in Sources */ = {isa = PBXBuildFile; fileRef = 0F294D702949AB85009742A2 /* FeedImageCell.swift */; };
		0F294D732949C293009742A2 /* UIView+Shimmering.swift in Sources */ = {isa = PBXBuildFile; fileRef = 0F294D722949C293009742A2 /* UIView+Shimmering.swift */; };
		0F294D7C29519675009742A2 /* FeedImageDataLoader.swift in Sources */ = {isa = PBXBuildFile; fileRef = 0F294D7B29519675009742A2 /* FeedImageDataLoader.swift */; };
		0F294D8429519B58009742A2 /* FeedRefreshViewController.swift in Sources */ = {isa = PBXBuildFile; fileRef = 0F294D8329519B58009742A2 /* FeedRefreshViewController.swift */; };
		0F294D8629529CCD009742A2 /* FeedImageCellController.swift in Sources */ = {isa = PBXBuildFile; fileRef = 0F294D8529529CCD009742A2 /* FeedImageCellController.swift */; };
		0F294D892952AAC0009742A2 /* FeedUIComposer.swift in Sources */ = {isa = PBXBuildFile; fileRef = 0F294D882952AAC0009742A2 /* FeedUIComposer.swift */; };
		0F294D8C2952AEAB009742A2 /* UIImage+TestHelpers.swift in Sources */ = {isa = PBXBuildFile; fileRef = 0F294D8B2952AEAB009742A2 /* UIImage+TestHelpers.swift */; };
		0F2DDBB029402A7C0067457B /* CacheFeedUseCaseTests.swift in Sources */ = {isa = PBXBuildFile; fileRef = 0F2DDBAF29402A7C0067457B /* CacheFeedUseCaseTests.swift */; };
		0F2DDBB32940620C0067457B /* LocalFeedLoader.swift in Sources */ = {isa = PBXBuildFile; fileRef = 0F2DDBB22940620C0067457B /* LocalFeedLoader.swift */; };
		0F2DDBB62940629D0067457B /* FeedStore.swift in Sources */ = {isa = PBXBuildFile; fileRef = 0F2DDBB52940629D0067457B /* FeedStore.swift */; };
		0F2DDBB929406D860067457B /* RemoteFeedItem.swift in Sources */ = {isa = PBXBuildFile; fileRef = 0F2DDBB829406D860067457B /* RemoteFeedItem.swift */; };
		0F2DDBBB29406DC80067457B /* LocalFeedImage.swift in Sources */ = {isa = PBXBuildFile; fileRef = 0F2DDBBA29406DC80067457B /* LocalFeedImage.swift */; };
		0F30647F293DD136003571CA /* URLSessionHTTPClient.swift in Sources */ = {isa = PBXBuildFile; fileRef = 0F30647E293DD136003571CA /* URLSessionHTTPClient.swift */; };
		0F306487293DD957003571CA /* EssentialFeedAPIEndToEndTests.swift in Sources */ = {isa = PBXBuildFile; fileRef = 0F306486293DD957003571CA /* EssentialFeedAPIEndToEndTests.swift */; };
		0F306488293DD957003571CA /* EssentialFeed.framework in Frameworks */ = {isa = PBXBuildFile; fileRef = 0FF606EA29373EDC004E66F7 /* EssentialFeed.framework */; };
		0F30648E293DE00D003571CA /* XCTestCase+MemoryLeakTracking.swift in Sources */ = {isa = PBXBuildFile; fileRef = 0FD18517293D9D5200278AE6 /* XCTestCase+MemoryLeakTracking.swift */; };
		0F9C775429407416000C280F /* LoadFeedFromCacheUseCaseTests.swift in Sources */ = {isa = PBXBuildFile; fileRef = 0F9C775329407416000C280F /* LoadFeedFromCacheUseCaseTests.swift */; };
		0F9C775729407527000C280F /* FeedStoreSpy.swift in Sources */ = {isa = PBXBuildFile; fileRef = 0F9C775629407527000C280F /* FeedStoreSpy.swift */; };
		0F9C775929408E18000C280F /* ValidateFeedCacheUseCaseTests.swift in Sources */ = {isa = PBXBuildFile; fileRef = 0F9C775829408E18000C280F /* ValidateFeedCacheUseCaseTests.swift */; };
		0F9C775B29409175000C280F /* FeedCacheTestHelpers.swift in Sources */ = {isa = PBXBuildFile; fileRef = 0F9C775A29409175000C280F /* FeedCacheTestHelpers.swift */; };
		0F9C775D29409217000C280F /* SharedTestHelpers.swift in Sources */ = {isa = PBXBuildFile; fileRef = 0F9C775C29409217000C280F /* SharedTestHelpers.swift */; };
		0F9C775F2941B1B2000C280F /* FeedCachePolicy.swift in Sources */ = {isa = PBXBuildFile; fileRef = 0F9C775E2941B1B2000C280F /* FeedCachePolicy.swift */; };
		0F9C776629431F52000C280F /* FeedStoreSpecs.swift in Sources */ = {isa = PBXBuildFile; fileRef = 0F9C776429431EDF000C280F /* FeedStoreSpecs.swift */; };
		0F9C776829432045000C280F /* XCTestCase+FeedStoreSpecs.swift in Sources */ = {isa = PBXBuildFile; fileRef = 0F9C776729432045000C280F /* XCTestCase+FeedStoreSpecs.swift */; };
		0F9C776A294329AB000C280F /* XCTestCase+FailableRetrieveFeedStoreSpecs.swift in Sources */ = {isa = PBXBuildFile; fileRef = 0F9C7769294329AB000C280F /* XCTestCase+FailableRetrieveFeedStoreSpecs.swift */; };
		0F9C776C29432A44000C280F /* XCTestCase+FailableInsertFeedStoreSpecs.swift in Sources */ = {isa = PBXBuildFile; fileRef = 0F9C776B29432A44000C280F /* XCTestCase+FailableInsertFeedStoreSpecs.swift */; };
		0F9C776E29432D08000C280F /* XCTestCase+FailableDeleteFeedStoreSpecs.swift in Sources */ = {isa = PBXBuildFile; fileRef = 0F9C776D29432D08000C280F /* XCTestCase+FailableDeleteFeedStoreSpecs.swift */; };
		0F9C777129433194000C280F /* CoreDataFeedStoreTests.swift in Sources */ = {isa = PBXBuildFile; fileRef = 0F9C777029433194000C280F /* CoreDataFeedStoreTests.swift */; };
		0F9C777329433665000C280F /* CoreDataFeedStore.swift in Sources */ = {isa = PBXBuildFile; fileRef = 0F9C777229433665000C280F /* CoreDataFeedStore.swift */; };
		0F9C77762946C98D000C280F /* FeedStore.xcdatamodeld in Sources */ = {isa = PBXBuildFile; fileRef = 0F9C77742946C98D000C280F /* FeedStore.xcdatamodeld */; };
		0F9C777E2947199F000C280F /* CoreDataHelpers.swift in Sources */ = {isa = PBXBuildFile; fileRef = 0F9C777D2947199F000C280F /* CoreDataHelpers.swift */; };
		0F9C778029471A54000C280F /* ManagedFeedImage.swift in Sources */ = {isa = PBXBuildFile; fileRef = 0F9C777F29471A54000C280F /* ManagedFeedImage.swift */; };
		0F9C778229471A8A000C280F /* ManagedCache.swift in Sources */ = {isa = PBXBuildFile; fileRef = 0F9C778129471A8A000C280F /* ManagedCache.swift */; };
		0F9C778A294720DD000C280F /* EssentialFeedCacheIntegrationTests.swift in Sources */ = {isa = PBXBuildFile; fileRef = 0F9C7789294720DD000C280F /* EssentialFeedCacheIntegrationTests.swift */; };
		0F9C778B294720DD000C280F /* EssentialFeed.framework in Frameworks */ = {isa = PBXBuildFile; fileRef = 0FF606EA29373EDC004E66F7 /* EssentialFeed.framework */; platformFilters = (ios, macos, ); };
		0F9C77912947238E000C280F /* XCTestCase+MemoryLeakTracking.swift in Sources */ = {isa = PBXBuildFile; fileRef = 0FD18517293D9D5200278AE6 /* XCTestCase+MemoryLeakTracking.swift */; };
		0F9C779229472671000C280F /* FeedCacheTestHelpers.swift in Sources */ = {isa = PBXBuildFile; fileRef = 0F9C775A29409175000C280F /* FeedCacheTestHelpers.swift */; };
		0F9C779329472689000C280F /* SharedTestHelpers.swift in Sources */ = {isa = PBXBuildFile; fileRef = 0F9C775C29409217000C280F /* SharedTestHelpers.swift */; };
		0FD18518293D9D5200278AE6 /* XCTestCase+MemoryLeakTracking.swift in Sources */ = {isa = PBXBuildFile; fileRef = 0FD18517293D9D5200278AE6 /* XCTestCase+MemoryLeakTracking.swift */; };
		0FF606EF29373EDC004E66F7 /* EssentialFeed.docc in Sources */ = {isa = PBXBuildFile; fileRef = 0FF606EE29373EDC004E66F7 /* EssentialFeed.docc */; };
		0FF606F529373EDD004E66F7 /* EssentialFeed.framework in Frameworks */ = {isa = PBXBuildFile; fileRef = 0FF606EA29373EDC004E66F7 /* EssentialFeed.framework */; };
		0FF606FB29373EDD004E66F7 /* EssentialFeed.h in Headers */ = {isa = PBXBuildFile; fileRef = 0FF606ED29373EDC004E66F7 /* EssentialFeed.h */; settings = {ATTRIBUTES = (Public, ); }; };
		0FF6070529373EFA004E66F7 /* FeedItem.swift in Sources */ = {isa = PBXBuildFile; fileRef = 0FF6070429373EFA004E66F7 /* FeedItem.swift */; };
		0FF60707293740E9004E66F7 /* FeedLoader.swift in Sources */ = {isa = PBXBuildFile; fileRef = 0FF60706293740E9004E66F7 /* FeedLoader.swift */; };
		0FF6070A29374C50004E66F7 /* LoadFeedFromRemoteUseCaseTests.swift in Sources */ = {isa = PBXBuildFile; fileRef = 0FF6070929374C50004E66F7 /* LoadFeedFromRemoteUseCaseTests.swift */; };
		0FF6070D29383C8B004E66F7 /* RemoteFeedLoader.swift in Sources */ = {isa = PBXBuildFile; fileRef = 0FF6070C29383C8B004E66F7 /* RemoteFeedLoader.swift */; };
		0FF6070F2938A9E7004E66F7 /* HTTPClient.swift in Sources */ = {isa = PBXBuildFile; fileRef = 0FF6070E2938A9E7004E66F7 /* HTTPClient.swift */; };
		0FF607112938AA3E004E66F7 /* FeedItemsMapper.swift in Sources */ = {isa = PBXBuildFile; fileRef = 0FF607102938AA3E004E66F7 /* FeedItemsMapper.swift */; };
		0FF607142939DC21004E66F7 /* URLSessionHTTPClientTests.swift in Sources */ = {isa = PBXBuildFile; fileRef = 0FF607132939DC21004E66F7 /* URLSessionHTTPClientTests.swift */; };
/* End PBXBuildFile section */

/* Begin PBXContainerItemProxy section */
		0F294D59294973DF009742A2 /* PBXContainerItemProxy */ = {
			isa = PBXContainerItemProxy;
			containerPortal = 0FF606E129373EDC004E66F7 /* Project object */;
			proxyType = 1;
			remoteGlobalIDString = 0F294D4D294973DF009742A2;
			remoteInfo = EssentialFeediOS;
		};
		0F294D6A29499882009742A2 /* PBXContainerItemProxy */ = {
			isa = PBXContainerItemProxy;
			containerPortal = 0FF606E129373EDC004E66F7 /* Project object */;
			proxyType = 1;
			remoteGlobalIDString = 0FF606E929373EDC004E66F7;
			remoteInfo = EssentialFeed;
		};
		0F306489293DD957003571CA /* PBXContainerItemProxy */ = {
			isa = PBXContainerItemProxy;
			containerPortal = 0FF606E129373EDC004E66F7 /* Project object */;
			proxyType = 1;
			remoteGlobalIDString = 0FF606E929373EDC004E66F7;
			remoteInfo = EssentialFeed;
		};
		0F9C778C294720DD000C280F /* PBXContainerItemProxy */ = {
			isa = PBXContainerItemProxy;
			containerPortal = 0FF606E129373EDC004E66F7 /* Project object */;
			proxyType = 1;
			remoteGlobalIDString = 0FF606E929373EDC004E66F7;
			remoteInfo = EssentialFeed;
		};
		0FF606F629373EDD004E66F7 /* PBXContainerItemProxy */ = {
			isa = PBXContainerItemProxy;
			containerPortal = 0FF606E129373EDC004E66F7 /* Project object */;
			proxyType = 1;
			remoteGlobalIDString = 0FF606E929373EDC004E66F7;
			remoteInfo = EssentialFeed;
		};
/* End PBXContainerItemProxy section */

/* Begin PBXCopyFilesBuildPhase section */
		0F294D6C29499882009742A2 /* Embed Frameworks */ = {
			isa = PBXCopyFilesBuildPhase;
			buildActionMask = 2147483647;
			dstPath = "";
			dstSubfolderSpec = 10;
			files = (
				0F294D6929499882009742A2 /* EssentialFeed.framework in Embed Frameworks */,
			);
			name = "Embed Frameworks";
			runOnlyForDeploymentPostprocessing = 0;
		};
/* End PBXCopyFilesBuildPhase section */

/* Begin PBXFileReference section */
		0F294D4E294973DF009742A2 /* EssentialFeediOS.framework */ = {isa = PBXFileReference; explicitFileType = wrapper.framework; includeInIndex = 0; path = EssentialFeediOS.framework; sourceTree = BUILT_PRODUCTS_DIR; };
		0F294D51294973DF009742A2 /* EssentialFeediOS.docc */ = {isa = PBXFileReference; lastKnownFileType = folder.documentationcatalog; path = EssentialFeediOS.docc; sourceTree = "<group>"; };
		0F294D57294973DF009742A2 /* EssentialFeediOSTests.xctest */ = {isa = PBXFileReference; explicitFileType = wrapper.cfbundle; includeInIndex = 0; path = EssentialFeediOSTests.xctest; sourceTree = BUILT_PRODUCTS_DIR; };
		0F294D6529497F9E009742A2 /* FeedViewControllerTests.swift */ = {isa = PBXFileReference; lastKnownFileType = sourcecode.swift; path = FeedViewControllerTests.swift; sourceTree = "<group>"; };
		0F294D6E2949A36A009742A2 /* FeedViewController.swift */ = {isa = PBXFileReference; lastKnownFileType = sourcecode.swift; path = FeedViewController.swift; sourceTree = "<group>"; };
		0F294D702949AB85009742A2 /* FeedImageCell.swift */ = {isa = PBXFileReference; lastKnownFileType = sourcecode.swift; path = FeedImageCell.swift; sourceTree = "<group>"; };
		0F294D722949C293009742A2 /* UIView+Shimmering.swift */ = {isa = PBXFileReference; lastKnownFileType = sourcecode.swift; path = "UIView+Shimmering.swift"; sourceTree = "<group>"; };
		0F294D7B29519675009742A2 /* FeedImageDataLoader.swift */ = {isa = PBXFileReference; lastKnownFileType = sourcecode.swift; path = FeedImageDataLoader.swift; sourceTree = "<group>"; };
		0F294D8329519B58009742A2 /* FeedRefreshViewController.swift */ = {isa = PBXFileReference; lastKnownFileType = sourcecode.swift; path = FeedRefreshViewController.swift; sourceTree = "<group>"; };
		0F294D8529529CCD009742A2 /* FeedImageCellController.swift */ = {isa = PBXFileReference; lastKnownFileType = sourcecode.swift; path = FeedImageCellController.swift; sourceTree = "<group>"; };
		0F294D882952AAC0009742A2 /* FeedUIComposer.swift */ = {isa = PBXFileReference; lastKnownFileType = sourcecode.swift; path = FeedUIComposer.swift; sourceTree = "<group>"; };
		0F294D8B2952AEAB009742A2 /* UIImage+TestHelpers.swift */ = {isa = PBXFileReference; lastKnownFileType = sourcecode.swift; path = "UIImage+TestHelpers.swift"; sourceTree = "<group>"; };
		0F2DDBAF29402A7C0067457B /* CacheFeedUseCaseTests.swift */ = {isa = PBXFileReference; lastKnownFileType = sourcecode.swift; path = CacheFeedUseCaseTests.swift; sourceTree = "<group>"; };
		0F2DDBB22940620C0067457B /* LocalFeedLoader.swift */ = {isa = PBXFileReference; lastKnownFileType = sourcecode.swift; path = LocalFeedLoader.swift; sourceTree = "<group>"; };
		0F2DDBB52940629D0067457B /* FeedStore.swift */ = {isa = PBXFileReference; lastKnownFileType = sourcecode.swift; path = FeedStore.swift; sourceTree = "<group>"; };
		0F2DDBB829406D860067457B /* RemoteFeedItem.swift */ = {isa = PBXFileReference; lastKnownFileType = sourcecode.swift; path = RemoteFeedItem.swift; sourceTree = "<group>"; };
		0F2DDBBA29406DC80067457B /* LocalFeedImage.swift */ = {isa = PBXFileReference; lastKnownFileType = sourcecode.swift; path = LocalFeedImage.swift; sourceTree = "<group>"; };
		0F30647E293DD136003571CA /* URLSessionHTTPClient.swift */ = {isa = PBXFileReference; lastKnownFileType = sourcecode.swift; path = URLSessionHTTPClient.swift; sourceTree = "<group>"; };
		0F306484293DD957003571CA /* EssentialFeedAPIEndToEndTests.xctest */ = {isa = PBXFileReference; explicitFileType = wrapper.cfbundle; includeInIndex = 0; path = EssentialFeedAPIEndToEndTests.xctest; sourceTree = BUILT_PRODUCTS_DIR; };
		0F306486293DD957003571CA /* EssentialFeedAPIEndToEndTests.swift */ = {isa = PBXFileReference; lastKnownFileType = sourcecode.swift; path = EssentialFeedAPIEndToEndTests.swift; sourceTree = "<group>"; };
		0F9C775329407416000C280F /* LoadFeedFromCacheUseCaseTests.swift */ = {isa = PBXFileReference; lastKnownFileType = sourcecode.swift; path = LoadFeedFromCacheUseCaseTests.swift; sourceTree = "<group>"; };
		0F9C775629407527000C280F /* FeedStoreSpy.swift */ = {isa = PBXFileReference; lastKnownFileType = sourcecode.swift; path = FeedStoreSpy.swift; sourceTree = "<group>"; };
		0F9C775829408E18000C280F /* ValidateFeedCacheUseCaseTests.swift */ = {isa = PBXFileReference; lastKnownFileType = sourcecode.swift; path = ValidateFeedCacheUseCaseTests.swift; sourceTree = "<group>"; };
		0F9C775A29409175000C280F /* FeedCacheTestHelpers.swift */ = {isa = PBXFileReference; lastKnownFileType = sourcecode.swift; path = FeedCacheTestHelpers.swift; sourceTree = "<group>"; };
		0F9C775C29409217000C280F /* SharedTestHelpers.swift */ = {isa = PBXFileReference; lastKnownFileType = sourcecode.swift; path = SharedTestHelpers.swift; sourceTree = "<group>"; };
		0F9C775E2941B1B2000C280F /* FeedCachePolicy.swift */ = {isa = PBXFileReference; lastKnownFileType = sourcecode.swift; path = FeedCachePolicy.swift; sourceTree = "<group>"; };
		0F9C776429431EDF000C280F /* FeedStoreSpecs.swift */ = {isa = PBXFileReference; lastKnownFileType = sourcecode.swift; path = FeedStoreSpecs.swift; sourceTree = "<group>"; };
		0F9C776729432045000C280F /* XCTestCase+FeedStoreSpecs.swift */ = {isa = PBXFileReference; lastKnownFileType = sourcecode.swift; path = "XCTestCase+FeedStoreSpecs.swift"; sourceTree = "<group>"; };
		0F9C7769294329AB000C280F /* XCTestCase+FailableRetrieveFeedStoreSpecs.swift */ = {isa = PBXFileReference; lastKnownFileType = sourcecode.swift; path = "XCTestCase+FailableRetrieveFeedStoreSpecs.swift"; sourceTree = "<group>"; };
		0F9C776B29432A44000C280F /* XCTestCase+FailableInsertFeedStoreSpecs.swift */ = {isa = PBXFileReference; lastKnownFileType = sourcecode.swift; path = "XCTestCase+FailableInsertFeedStoreSpecs.swift"; sourceTree = "<group>"; };
		0F9C776D29432D08000C280F /* XCTestCase+FailableDeleteFeedStoreSpecs.swift */ = {isa = PBXFileReference; lastKnownFileType = sourcecode.swift; path = "XCTestCase+FailableDeleteFeedStoreSpecs.swift"; sourceTree = "<group>"; };
		0F9C777029433194000C280F /* CoreDataFeedStoreTests.swift */ = {isa = PBXFileReference; lastKnownFileType = sourcecode.swift; path = CoreDataFeedStoreTests.swift; sourceTree = "<group>"; };
		0F9C777229433665000C280F /* CoreDataFeedStore.swift */ = {isa = PBXFileReference; lastKnownFileType = sourcecode.swift; path = CoreDataFeedStore.swift; sourceTree = "<group>"; };
		0F9C77752946C98D000C280F /* FeedStore.xcdatamodel */ = {isa = PBXFileReference; lastKnownFileType = wrapper.xcdatamodel; path = FeedStore.xcdatamodel; sourceTree = "<group>"; };
		0F9C777D2947199F000C280F /* CoreDataHelpers.swift */ = {isa = PBXFileReference; lastKnownFileType = sourcecode.swift; path = CoreDataHelpers.swift; sourceTree = "<group>"; };
		0F9C777F29471A54000C280F /* ManagedFeedImage.swift */ = {isa = PBXFileReference; lastKnownFileType = sourcecode.swift; path = ManagedFeedImage.swift; sourceTree = "<group>"; };
		0F9C778129471A8A000C280F /* ManagedCache.swift */ = {isa = PBXFileReference; lastKnownFileType = sourcecode.swift; path = ManagedCache.swift; sourceTree = "<group>"; };
		0F9C7787294720DD000C280F /* EssentialFeedCacheIntegrationTests.xctest */ = {isa = PBXFileReference; explicitFileType = wrapper.cfbundle; includeInIndex = 0; path = EssentialFeedCacheIntegrationTests.xctest; sourceTree = BUILT_PRODUCTS_DIR; };
		0F9C7789294720DD000C280F /* EssentialFeedCacheIntegrationTests.swift */ = {isa = PBXFileReference; lastKnownFileType = sourcecode.swift; path = EssentialFeedCacheIntegrationTests.swift; sourceTree = "<group>"; };
		0FD18517293D9D5200278AE6 /* XCTestCase+MemoryLeakTracking.swift */ = {isa = PBXFileReference; lastKnownFileType = sourcecode.swift; path = "XCTestCase+MemoryLeakTracking.swift"; sourceTree = "<group>"; };
		0FF606EA29373EDC004E66F7 /* EssentialFeed.framework */ = {isa = PBXFileReference; explicitFileType = wrapper.framework; includeInIndex = 0; path = EssentialFeed.framework; sourceTree = BUILT_PRODUCTS_DIR; };
		0FF606ED29373EDC004E66F7 /* EssentialFeed.h */ = {isa = PBXFileReference; lastKnownFileType = sourcecode.c.h; path = EssentialFeed.h; sourceTree = "<group>"; };
		0FF606EE29373EDC004E66F7 /* EssentialFeed.docc */ = {isa = PBXFileReference; lastKnownFileType = folder.documentationcatalog; path = EssentialFeed.docc; sourceTree = "<group>"; };
		0FF606F429373EDD004E66F7 /* EssentialFeedTests.xctest */ = {isa = PBXFileReference; explicitFileType = wrapper.cfbundle; includeInIndex = 0; path = EssentialFeedTests.xctest; sourceTree = BUILT_PRODUCTS_DIR; };
		0FF6070429373EFA004E66F7 /* FeedItem.swift */ = {isa = PBXFileReference; lastKnownFileType = sourcecode.swift; path = FeedItem.swift; sourceTree = "<group>"; };
		0FF60706293740E9004E66F7 /* FeedLoader.swift */ = {isa = PBXFileReference; lastKnownFileType = sourcecode.swift; path = FeedLoader.swift; sourceTree = "<group>"; };
		0FF6070929374C50004E66F7 /* LoadFeedFromRemoteUseCaseTests.swift */ = {isa = PBXFileReference; lastKnownFileType = sourcecode.swift; path = LoadFeedFromRemoteUseCaseTests.swift; sourceTree = "<group>"; };
		0FF6070C29383C8B004E66F7 /* RemoteFeedLoader.swift */ = {isa = PBXFileReference; lastKnownFileType = sourcecode.swift; path = RemoteFeedLoader.swift; sourceTree = "<group>"; };
		0FF6070E2938A9E7004E66F7 /* HTTPClient.swift */ = {isa = PBXFileReference; lastKnownFileType = sourcecode.swift; path = HTTPClient.swift; sourceTree = "<group>"; };
		0FF607102938AA3E004E66F7 /* FeedItemsMapper.swift */ = {isa = PBXFileReference; lastKnownFileType = sourcecode.swift; path = FeedItemsMapper.swift; sourceTree = "<group>"; };
		0FF607132939DC21004E66F7 /* URLSessionHTTPClientTests.swift */ = {isa = PBXFileReference; lastKnownFileType = sourcecode.swift; path = URLSessionHTTPClientTests.swift; sourceTree = "<group>"; };
/* End PBXFileReference section */

/* Begin PBXFrameworksBuildPhase section */
		0F294D4B294973DF009742A2 /* Frameworks */ = {
			isa = PBXFrameworksBuildPhase;
			buildActionMask = 2147483647;
			files = (
				0F294D6829499882009742A2 /* EssentialFeed.framework in Frameworks */,
			);
			runOnlyForDeploymentPostprocessing = 0;
		};
		0F294D54294973DF009742A2 /* Frameworks */ = {
			isa = PBXFrameworksBuildPhase;
			buildActionMask = 2147483647;
			files = (
				0F294D58294973DF009742A2 /* EssentialFeediOS.framework in Frameworks */,
			);
			runOnlyForDeploymentPostprocessing = 0;
		};
		0F306481293DD957003571CA /* Frameworks */ = {
			isa = PBXFrameworksBuildPhase;
			buildActionMask = 2147483647;
			files = (
				0F306488293DD957003571CA /* EssentialFeed.framework in Frameworks */,
			);
			runOnlyForDeploymentPostprocessing = 0;
		};
		0F9C7784294720DD000C280F /* Frameworks */ = {
			isa = PBXFrameworksBuildPhase;
			buildActionMask = 2147483647;
			files = (
				0F9C778B294720DD000C280F /* EssentialFeed.framework in Frameworks */,
			);
			runOnlyForDeploymentPostprocessing = 0;
		};
		0FF606E729373EDC004E66F7 /* Frameworks */ = {
			isa = PBXFrameworksBuildPhase;
			buildActionMask = 2147483647;
			files = (
			);
			runOnlyForDeploymentPostprocessing = 0;
		};
		0FF606F129373EDD004E66F7 /* Frameworks */ = {
			isa = PBXFrameworksBuildPhase;
			buildActionMask = 2147483647;
			files = (
				0FF606F529373EDD004E66F7 /* EssentialFeed.framework in Frameworks */,
			);
			runOnlyForDeploymentPostprocessing = 0;
		};
/* End PBXFrameworksBuildPhase section */

/* Begin PBXGroup section */
		0F294D4F294973DF009742A2 /* EssentialFeediOS */ = {
			isa = PBXGroup;
			children = (
				0F294D7D2951969C009742A2 /* Feed UI */,
				0F294D51294973DF009742A2 /* EssentialFeediOS.docc */,
				0F294D7A2951962D009742A2 /* Feed Image Loader */,
			);
			path = EssentialFeediOS;
			sourceTree = "<group>";
		};
		0F294D5B294973DF009742A2 /* EssentialFeediOSTests */ = {
			isa = PBXGroup;
			children = (
				0F294D8A2952AE99009742A2 /* Helpers */,
				0F294D8129519722009742A2 /* Feed UI */,
			);
			path = EssentialFeediOSTests;
			sourceTree = "<group>";
		};
		0F294D6729499882009742A2 /* Frameworks */ = {
			isa = PBXGroup;
			children = (
			);
			name = Frameworks;
			sourceTree = "<group>";
		};
		0F294D7A2951962D009742A2 /* Feed Image Loader */ = {
			isa = PBXGroup;
			children = (
				0F294D7B29519675009742A2 /* FeedImageDataLoader.swift */,
			);
			path = "Feed Image Loader";
			sourceTree = "<group>";
		};
		0F294D7D2951969C009742A2 /* Feed UI */ = {
			isa = PBXGroup;
			children = (
				0F294D872952AAB0009742A2 /* Composers */,
				0F294D80295196DC009742A2 /* Views */,
				0F294D7E295196A4009742A2 /* Controllers */,
			);
			path = "Feed UI";
			sourceTree = "<group>";
		};
		0F294D7E295196A4009742A2 /* Controllers */ = {
			isa = PBXGroup;
			children = (
				0F294D6E2949A36A009742A2 /* FeedViewController.swift */,
				0F294D8329519B58009742A2 /* FeedRefreshViewController.swift */,
				0F294D8529529CCD009742A2 /* FeedImageCellController.swift */,
			);
			path = Controllers;
			sourceTree = "<group>";
		};
		0F294D80295196DC009742A2 /* Views */ = {
			isa = PBXGroup;
			children = (
				0F294D702949AB85009742A2 /* FeedImageCell.swift */,
				0F294D722949C293009742A2 /* UIView+Shimmering.swift */,
			);
			path = Views;
			sourceTree = "<group>";
		};
		0F294D8129519722009742A2 /* Feed UI */ = {
			isa = PBXGroup;
			children = (
				0F294D8229519727009742A2 /* Controllers */,
			);
			path = "Feed UI";
			sourceTree = "<group>";
		};
		0F294D8229519727009742A2 /* Controllers */ = {
			isa = PBXGroup;
			children = (
				0F294D6529497F9E009742A2 /* FeedViewControllerTests.swift */,
			);
			path = Controllers;
			sourceTree = "<group>";
		};
		0F294D872952AAB0009742A2 /* Composers */ = {
			isa = PBXGroup;
			children = (
				0F294D882952AAC0009742A2 /* FeedUIComposer.swift */,
			);
			path = Composers;
			sourceTree = "<group>";
		};
		0F294D8A2952AE99009742A2 /* Helpers */ = {
			isa = PBXGroup;
			children = (
				0F294D8B2952AEAB009742A2 /* UIImage+TestHelpers.swift */,
			);
			path = Helpers;
			sourceTree = "<group>";
		};
		0F2DDBAE29402A1E0067457B /* Feed Cache */ = {
			isa = PBXGroup;
			children = (
				0F9C776F29432E30000C280F /* FeedStoreSpecs */,
				0F9C775529407513000C280F /* Helpers */,
				0F2DDBAF29402A7C0067457B /* CacheFeedUseCaseTests.swift */,
				0F9C775329407416000C280F /* LoadFeedFromCacheUseCaseTests.swift */,
				0F9C775829408E18000C280F /* ValidateFeedCacheUseCaseTests.swift */,
				0F9C777029433194000C280F /* CoreDataFeedStoreTests.swift */,
			);
			path = "Feed Cache";
			sourceTree = "<group>";
		};
		0F2DDBB1294061FF0067457B /* Feed Cache */ = {
			isa = PBXGroup;
			children = (
				0F9C777B2947190D000C280F /* Infrastructure */,
				0F2DDBB52940629D0067457B /* FeedStore.swift */,
				0F2DDBB22940620C0067457B /* LocalFeedLoader.swift */,
				0F2DDBBA29406DC80067457B /* LocalFeedImage.swift */,
				0F9C775E2941B1B2000C280F /* FeedCachePolicy.swift */,
			);
			path = "Feed Cache";
			sourceTree = "<group>";
		};
		0F306485293DD957003571CA /* EssentialFeedAPIEndToEndTests */ = {
			isa = PBXGroup;
			children = (
				0F306486293DD957003571CA /* EssentialFeedAPIEndToEndTests.swift */,
			);
			path = EssentialFeedAPIEndToEndTests;
			sourceTree = "<group>";
		};
		0F9C775529407513000C280F /* Helpers */ = {
			isa = PBXGroup;
			children = (
				0F9C775629407527000C280F /* FeedStoreSpy.swift */,
				0F9C775A29409175000C280F /* FeedCacheTestHelpers.swift */,
			);
			path = Helpers;
			sourceTree = "<group>";
		};
		0F9C776F29432E30000C280F /* FeedStoreSpecs */ = {
			isa = PBXGroup;
			children = (
				0F9C776429431EDF000C280F /* FeedStoreSpecs.swift */,
				0F9C776729432045000C280F /* XCTestCase+FeedStoreSpecs.swift */,
				0F9C776D29432D08000C280F /* XCTestCase+FailableDeleteFeedStoreSpecs.swift */,
				0F9C7769294329AB000C280F /* XCTestCase+FailableRetrieveFeedStoreSpecs.swift */,
				0F9C776B29432A44000C280F /* XCTestCase+FailableInsertFeedStoreSpecs.swift */,
			);
			path = FeedStoreSpecs;
			sourceTree = "<group>";
		};
		0F9C777B2947190D000C280F /* Infrastructure */ = {
			isa = PBXGroup;
			children = (
				0F9C777C2947192F000C280F /* CoreData */,
			);
			path = Infrastructure;
			sourceTree = "<group>";
		};
		0F9C777C2947192F000C280F /* CoreData */ = {
			isa = PBXGroup;
			children = (
				0F9C77742946C98D000C280F /* FeedStore.xcdatamodeld */,
				0F9C777229433665000C280F /* CoreDataFeedStore.swift */,
				0F9C777D2947199F000C280F /* CoreDataHelpers.swift */,
				0F9C777F29471A54000C280F /* ManagedFeedImage.swift */,
				0F9C778129471A8A000C280F /* ManagedCache.swift */,
			);
			path = CoreData;
			sourceTree = "<group>";
		};
		0F9C7788294720DD000C280F /* EssentialFeedCacheIntegrationTests */ = {
			isa = PBXGroup;
			children = (
				0F9C7789294720DD000C280F /* EssentialFeedCacheIntegrationTests.swift */,
			);
			path = EssentialFeedCacheIntegrationTests;
			sourceTree = "<group>";
		};
		0FD18516293D9D3900278AE6 /* Helpers */ = {
			isa = PBXGroup;
			children = (
				0FD18517293D9D5200278AE6 /* XCTestCase+MemoryLeakTracking.swift */,
				0F9C775C29409217000C280F /* SharedTestHelpers.swift */,
			);
			path = Helpers;
			sourceTree = "<group>";
		};
		0FF606E029373EDC004E66F7 = {
			isa = PBXGroup;
			children = (
				0FF606EC29373EDC004E66F7 /* EssentialFeed */,
				0FF606F829373EDD004E66F7 /* EssentialFeedTests */,
				0F306485293DD957003571CA /* EssentialFeedAPIEndToEndTests */,
				0F9C7788294720DD000C280F /* EssentialFeedCacheIntegrationTests */,
				0F294D4F294973DF009742A2 /* EssentialFeediOS */,
				0F294D5B294973DF009742A2 /* EssentialFeediOSTests */,
				0FF606EB29373EDC004E66F7 /* Products */,
				0F294D6729499882009742A2 /* Frameworks */,
			);
			sourceTree = "<group>";
		};
		0FF606EB29373EDC004E66F7 /* Products */ = {
			isa = PBXGroup;
			children = (
				0FF606EA29373EDC004E66F7 /* EssentialFeed.framework */,
				0FF606F429373EDD004E66F7 /* EssentialFeedTests.xctest */,
				0F306484293DD957003571CA /* EssentialFeedAPIEndToEndTests.xctest */,
				0F9C7787294720DD000C280F /* EssentialFeedCacheIntegrationTests.xctest */,
				0F294D4E294973DF009742A2 /* EssentialFeediOS.framework */,
				0F294D57294973DF009742A2 /* EssentialFeediOSTests.xctest */,
			);
			name = Products;
			sourceTree = "<group>";
		};
		0FF606EC29373EDC004E66F7 /* EssentialFeed */ = {
			isa = PBXGroup;
			children = (
				0F2DDBB1294061FF0067457B /* Feed Cache */,
				0FF607082937419D004E66F7 /* Feed Feature */,
				0FF6070B29383C7F004E66F7 /* Feed API */,
				0FF606ED29373EDC004E66F7 /* EssentialFeed.h */,
				0FF606EE29373EDC004E66F7 /* EssentialFeed.docc */,
			);
			path = EssentialFeed;
			sourceTree = "<group>";
		};
		0FF606F829373EDD004E66F7 /* EssentialFeedTests */ = {
			isa = PBXGroup;
			children = (
				0FD18516293D9D3900278AE6 /* Helpers */,
				0F2DDBAE29402A1E0067457B /* Feed Cache */,
				0FF607122938B0B6004E66F7 /* Feed API */,
			);
			path = EssentialFeedTests;
			sourceTree = "<group>";
		};
		0FF607082937419D004E66F7 /* Feed Feature */ = {
			isa = PBXGroup;
			children = (
				0FF6070429373EFA004E66F7 /* FeedItem.swift */,
				0FF60706293740E9004E66F7 /* FeedLoader.swift */,
			);
			path = "Feed Feature";
			sourceTree = "<group>";
		};
		0FF6070B29383C7F004E66F7 /* Feed API */ = {
			isa = PBXGroup;
			children = (
				0FF6070E2938A9E7004E66F7 /* HTTPClient.swift */,
				0FF6070C29383C8B004E66F7 /* RemoteFeedLoader.swift */,
				0F2DDBB829406D860067457B /* RemoteFeedItem.swift */,
				0FF607102938AA3E004E66F7 /* FeedItemsMapper.swift */,
				0F30647E293DD136003571CA /* URLSessionHTTPClient.swift */,
			);
			path = "Feed API";
			sourceTree = "<group>";
		};
		0FF607122938B0B6004E66F7 /* Feed API */ = {
			isa = PBXGroup;
			children = (
				0FF6070929374C50004E66F7 /* LoadFeedFromRemoteUseCaseTests.swift */,
				0FF607132939DC21004E66F7 /* URLSessionHTTPClientTests.swift */,
			);
			path = "Feed API";
			sourceTree = "<group>";
		};
/* End PBXGroup section */

/* Begin PBXHeadersBuildPhase section */
		0F294D49294973DF009742A2 /* Headers */ = {
			isa = PBXHeadersBuildPhase;
			buildActionMask = 2147483647;
			files = (
			);
			runOnlyForDeploymentPostprocessing = 0;
		};
		0FF606E529373EDC004E66F7 /* Headers */ = {
			isa = PBXHeadersBuildPhase;
			buildActionMask = 2147483647;
			files = (
				0FF606FB29373EDD004E66F7 /* EssentialFeed.h in Headers */,
			);
			runOnlyForDeploymentPostprocessing = 0;
		};
/* End PBXHeadersBuildPhase section */

/* Begin PBXNativeTarget section */
		0F294D4D294973DF009742A2 /* EssentialFeediOS */ = {
			isa = PBXNativeTarget;
			buildConfigurationList = 0F294D5F294973DF009742A2 /* Build configuration list for PBXNativeTarget "EssentialFeediOS" */;
			buildPhases = (
				0F294D49294973DF009742A2 /* Headers */,
				0F294D4A294973DF009742A2 /* Sources */,
				0F294D4B294973DF009742A2 /* Frameworks */,
				0F294D4C294973DF009742A2 /* Resources */,
				0F294D6C29499882009742A2 /* Embed Frameworks */,
			);
			buildRules = (
			);
			dependencies = (
				0F294D6B29499882009742A2 /* PBXTargetDependency */,
			);
			name = EssentialFeediOS;
			productName = EssentialFeediOS;
			productReference = 0F294D4E294973DF009742A2 /* EssentialFeediOS.framework */;
			productType = "com.apple.product-type.framework";
		};
		0F294D56294973DF009742A2 /* EssentialFeediOSTests */ = {
			isa = PBXNativeTarget;
			buildConfigurationList = 0F294D62294973DF009742A2 /* Build configuration list for PBXNativeTarget "EssentialFeediOSTests" */;
			buildPhases = (
				0F294D53294973DF009742A2 /* Sources */,
				0F294D54294973DF009742A2 /* Frameworks */,
				0F294D55294973DF009742A2 /* Resources */,
			);
			buildRules = (
			);
			dependencies = (
				0F294D5A294973DF009742A2 /* PBXTargetDependency */,
			);
			name = EssentialFeediOSTests;
			productName = EssentialFeediOSTests;
			productReference = 0F294D57294973DF009742A2 /* EssentialFeediOSTests.xctest */;
			productType = "com.apple.product-type.bundle.unit-test";
		};
		0F306483293DD957003571CA /* EssentialFeedAPIEndToEndTests */ = {
			isa = PBXNativeTarget;
			buildConfigurationList = 0F30648B293DD957003571CA /* Build configuration list for PBXNativeTarget "EssentialFeedAPIEndToEndTests" */;
			buildPhases = (
				0F306480293DD957003571CA /* Sources */,
				0F306481293DD957003571CA /* Frameworks */,
				0F306482293DD957003571CA /* Resources */,
			);
			buildRules = (
			);
			dependencies = (
				0F30648A293DD957003571CA /* PBXTargetDependency */,
			);
			name = EssentialFeedAPIEndToEndTests;
			productName = EssentialFeedAPIEndToEndTests;
			productReference = 0F306484293DD957003571CA /* EssentialFeedAPIEndToEndTests.xctest */;
			productType = "com.apple.product-type.bundle.unit-test";
		};
		0F9C7786294720DD000C280F /* EssentialFeedCacheIntegrationTests */ = {
			isa = PBXNativeTarget;
			buildConfigurationList = 0F9C778E294720DD000C280F /* Build configuration list for PBXNativeTarget "EssentialFeedCacheIntegrationTests" */;
			buildPhases = (
				0F9C7783294720DD000C280F /* Sources */,
				0F9C7784294720DD000C280F /* Frameworks */,
				0F9C7785294720DD000C280F /* Resources */,
			);
			buildRules = (
			);
			dependencies = (
				0F9C778D294720DD000C280F /* PBXTargetDependency */,
			);
			name = EssentialFeedCacheIntegrationTests;
			productName = EssentialFeedCacheIntegrationTests;
			productReference = 0F9C7787294720DD000C280F /* EssentialFeedCacheIntegrationTests.xctest */;
			productType = "com.apple.product-type.bundle.unit-test";
		};
		0FF606E929373EDC004E66F7 /* EssentialFeed */ = {
			isa = PBXNativeTarget;
			buildConfigurationList = 0FF606FE29373EDD004E66F7 /* Build configuration list for PBXNativeTarget "EssentialFeed" */;
			buildPhases = (
				0FF606E529373EDC004E66F7 /* Headers */,
				0FF606E629373EDC004E66F7 /* Sources */,
				0FF606E729373EDC004E66F7 /* Frameworks */,
				0FF606E829373EDC004E66F7 /* Resources */,
			);
			buildRules = (
			);
			dependencies = (
			);
			name = EssentialFeed;
			productName = EssentialFeed;
			productReference = 0FF606EA29373EDC004E66F7 /* EssentialFeed.framework */;
			productType = "com.apple.product-type.framework";
		};
		0FF606F329373EDD004E66F7 /* EssentialFeedTests */ = {
			isa = PBXNativeTarget;
			buildConfigurationList = 0FF6070129373EDD004E66F7 /* Build configuration list for PBXNativeTarget "EssentialFeedTests" */;
			buildPhases = (
				0FF606F029373EDD004E66F7 /* Sources */,
				0FF606F129373EDD004E66F7 /* Frameworks */,
				0FF606F229373EDD004E66F7 /* Resources */,
			);
			buildRules = (
			);
			dependencies = (
				0FF606F729373EDD004E66F7 /* PBXTargetDependency */,
			);
			name = EssentialFeedTests;
			productName = EssentialFeedTests;
			productReference = 0FF606F429373EDD004E66F7 /* EssentialFeedTests.xctest */;
			productType = "com.apple.product-type.bundle.unit-test";
		};
/* End PBXNativeTarget section */

/* Begin PBXProject section */
		0FF606E129373EDC004E66F7 /* Project object */ = {
			isa = PBXProject;
			attributes = {
				BuildIndependentTargetsInParallel = 1;
				LastSwiftUpdateCheck = 1410;
				LastUpgradeCheck = 1410;
				TargetAttributes = {
					0F294D4D294973DF009742A2 = {
						CreatedOnToolsVersion = 14.1;
					};
					0F294D56294973DF009742A2 = {
						CreatedOnToolsVersion = 14.1;
						LastSwiftMigration = 1410;
					};
					0F306483293DD957003571CA = {
						CreatedOnToolsVersion = 14.0;
					};
					0F9C7786294720DD000C280F = {
						CreatedOnToolsVersion = 14.1;
					};
					0FF606E929373EDC004E66F7 = {
						CreatedOnToolsVersion = 14.0;
					};
					0FF606F329373EDD004E66F7 = {
						CreatedOnToolsVersion = 14.0;
					};
				};
			};
			buildConfigurationList = 0FF606E429373EDC004E66F7 /* Build configuration list for PBXProject "EssentialFeed" */;
			compatibilityVersion = "Xcode 14.0";
			developmentRegion = en;
			hasScannedForEncodings = 0;
			knownRegions = (
				en,
				Base,
			);
			mainGroup = 0FF606E029373EDC004E66F7;
			productRefGroup = 0FF606EB29373EDC004E66F7 /* Products */;
			projectDirPath = "";
			projectRoot = "";
			targets = (
				0FF606E929373EDC004E66F7 /* EssentialFeed */,
				0FF606F329373EDD004E66F7 /* EssentialFeedTests */,
				0F306483293DD957003571CA /* EssentialFeedAPIEndToEndTests */,
				0F9C7786294720DD000C280F /* EssentialFeedCacheIntegrationTests */,
				0F294D4D294973DF009742A2 /* EssentialFeediOS */,
				0F294D56294973DF009742A2 /* EssentialFeediOSTests */,
			);
		};
/* End PBXProject section */

/* Begin PBXResourcesBuildPhase section */
		0F294D4C294973DF009742A2 /* Resources */ = {
			isa = PBXResourcesBuildPhase;
			buildActionMask = 2147483647;
			files = (
			);
			runOnlyForDeploymentPostprocessing = 0;
		};
		0F294D55294973DF009742A2 /* Resources */ = {
			isa = PBXResourcesBuildPhase;
			buildActionMask = 2147483647;
			files = (
			);
			runOnlyForDeploymentPostprocessing = 0;
		};
		0F306482293DD957003571CA /* Resources */ = {
			isa = PBXResourcesBuildPhase;
			buildActionMask = 2147483647;
			files = (
			);
			runOnlyForDeploymentPostprocessing = 0;
		};
		0F9C7785294720DD000C280F /* Resources */ = {
			isa = PBXResourcesBuildPhase;
			buildActionMask = 2147483647;
			files = (
			);
			runOnlyForDeploymentPostprocessing = 0;
		};
		0FF606E829373EDC004E66F7 /* Resources */ = {
			isa = PBXResourcesBuildPhase;
			buildActionMask = 2147483647;
			files = (
			);
			runOnlyForDeploymentPostprocessing = 0;
		};
		0FF606F229373EDD004E66F7 /* Resources */ = {
			isa = PBXResourcesBuildPhase;
			buildActionMask = 2147483647;
			files = (
			);
			runOnlyForDeploymentPostprocessing = 0;
		};
/* End PBXResourcesBuildPhase section */

/* Begin PBXSourcesBuildPhase section */
		0F294D4A294973DF009742A2 /* Sources */ = {
			isa = PBXSourcesBuildPhase;
			buildActionMask = 2147483647;
			files = (
				0F294D7C29519675009742A2 /* FeedImageDataLoader.swift in Sources */,
				0F294D892952AAC0009742A2 /* FeedUIComposer.swift in Sources */,
				0F294D6F2949A36A009742A2 /* FeedViewController.swift in Sources */,
				0F294D8429519B58009742A2 /* FeedRefreshViewController.swift in Sources */,
				0F294D8629529CCD009742A2 /* FeedImageCellController.swift in Sources */,
				0F294D732949C293009742A2 /* UIView+Shimmering.swift in Sources */,
				0F294D712949AB85009742A2 /* FeedImageCell.swift in Sources */,
				0F294D52294973DF009742A2 /* EssentialFeediOS.docc in Sources */,
			);
			runOnlyForDeploymentPostprocessing = 0;
		};
		0F294D53294973DF009742A2 /* Sources */ = {
			isa = PBXSourcesBuildPhase;
			buildActionMask = 2147483647;
			files = (
				0F294D6629497F9E009742A2 /* FeedViewControllerTests.swift in Sources */,
				0F294D6D294999AC009742A2 /* XCTestCase+MemoryLeakTracking.swift in Sources */,
				0F294D8C2952AEAB009742A2 /* UIImage+TestHelpers.swift in Sources */,
			);
			runOnlyForDeploymentPostprocessing = 0;
		};
		0F306480293DD957003571CA /* Sources */ = {
			isa = PBXSourcesBuildPhase;
			buildActionMask = 2147483647;
			files = (
				0F306487293DD957003571CA /* EssentialFeedAPIEndToEndTests.swift in Sources */,
				0F30648E293DE00D003571CA /* XCTestCase+MemoryLeakTracking.swift in Sources */,
			);
			runOnlyForDeploymentPostprocessing = 0;
		};
		0F9C7783294720DD000C280F /* Sources */ = {
			isa = PBXSourcesBuildPhase;
			buildActionMask = 2147483647;
			files = (
				0F9C779329472689000C280F /* SharedTestHelpers.swift in Sources */,
				0F9C778A294720DD000C280F /* EssentialFeedCacheIntegrationTests.swift in Sources */,
				0F9C779229472671000C280F /* FeedCacheTestHelpers.swift in Sources */,
				0F9C77912947238E000C280F /* XCTestCase+MemoryLeakTracking.swift in Sources */,
			);
			runOnlyForDeploymentPostprocessing = 0;
		};
		0FF606E629373EDC004E66F7 /* Sources */ = {
			isa = PBXSourcesBuildPhase;
			buildActionMask = 2147483647;
			files = (
				0F2DDBBB29406DC80067457B /* LocalFeedImage.swift in Sources */,
				0F9C77762946C98D000C280F /* FeedStore.xcdatamodeld in Sources */,
				0F9C775F2941B1B2000C280F /* FeedCachePolicy.swift in Sources */,
				0F2DDBB62940629D0067457B /* FeedStore.swift in Sources */,
				0F30647F293DD136003571CA /* URLSessionHTTPClient.swift in Sources */,
				0FF6070D29383C8B004E66F7 /* RemoteFeedLoader.swift in Sources */,
				0F9C778229471A8A000C280F /* ManagedCache.swift in Sources */,
				0F9C777E2947199F000C280F /* CoreDataHelpers.swift in Sources */,
				0FF6070F2938A9E7004E66F7 /* HTTPClient.swift in Sources */,
				0F9C777329433665000C280F /* CoreDataFeedStore.swift in Sources */,
				0FF60707293740E9004E66F7 /* FeedLoader.swift in Sources */,
				0FF607112938AA3E004E66F7 /* FeedItemsMapper.swift in Sources */,
				0F2DDBB929406D860067457B /* RemoteFeedItem.swift in Sources */,
				0FF6070529373EFA004E66F7 /* FeedItem.swift in Sources */,
				0F2DDBB32940620C0067457B /* LocalFeedLoader.swift in Sources */,
				0FF606EF29373EDC004E66F7 /* EssentialFeed.docc in Sources */,
				0F9C778029471A54000C280F /* ManagedFeedImage.swift in Sources */,
			);
			runOnlyForDeploymentPostprocessing = 0;
		};
		0FF606F029373EDD004E66F7 /* Sources */ = {
			isa = PBXSourcesBuildPhase;
			buildActionMask = 2147483647;
			files = (
				0F9C775B29409175000C280F /* FeedCacheTestHelpers.swift in Sources */,
				0F9C775929408E18000C280F /* ValidateFeedCacheUseCaseTests.swift in Sources */,
				0FF6070A29374C50004E66F7 /* LoadFeedFromRemoteUseCaseTests.swift in Sources */,
				0FD18518293D9D5200278AE6 /* XCTestCase+MemoryLeakTracking.swift in Sources */,
				0F9C776C29432A44000C280F /* XCTestCase+FailableInsertFeedStoreSpecs.swift in Sources */,
				0F9C775729407527000C280F /* FeedStoreSpy.swift in Sources */,
				0F9C775D29409217000C280F /* SharedTestHelpers.swift in Sources */,
				0F2DDBB029402A7C0067457B /* CacheFeedUseCaseTests.swift in Sources */,
				0F9C776E29432D08000C280F /* XCTestCase+FailableDeleteFeedStoreSpecs.swift in Sources */,
				0F9C776A294329AB000C280F /* XCTestCase+FailableRetrieveFeedStoreSpecs.swift in Sources */,
				0F9C775429407416000C280F /* LoadFeedFromCacheUseCaseTests.swift in Sources */,
				0F9C776629431F52000C280F /* FeedStoreSpecs.swift in Sources */,
				0FF607142939DC21004E66F7 /* URLSessionHTTPClientTests.swift in Sources */,
				0F9C777129433194000C280F /* CoreDataFeedStoreTests.swift in Sources */,
				0F9C776829432045000C280F /* XCTestCase+FeedStoreSpecs.swift in Sources */,
			);
			runOnlyForDeploymentPostprocessing = 0;
		};
/* End PBXSourcesBuildPhase section */

/* Begin PBXTargetDependency section */
		0F294D5A294973DF009742A2 /* PBXTargetDependency */ = {
			isa = PBXTargetDependency;
			target = 0F294D4D294973DF009742A2 /* EssentialFeediOS */;
			targetProxy = 0F294D59294973DF009742A2 /* PBXContainerItemProxy */;
		};
		0F294D6B29499882009742A2 /* PBXTargetDependency */ = {
			isa = PBXTargetDependency;
			target = 0FF606E929373EDC004E66F7 /* EssentialFeed */;
			targetProxy = 0F294D6A29499882009742A2 /* PBXContainerItemProxy */;
		};
		0F30648A293DD957003571CA /* PBXTargetDependency */ = {
			isa = PBXTargetDependency;
			target = 0FF606E929373EDC004E66F7 /* EssentialFeed */;
			targetProxy = 0F306489293DD957003571CA /* PBXContainerItemProxy */;
		};
		0F9C778D294720DD000C280F /* PBXTargetDependency */ = {
			isa = PBXTargetDependency;
			platformFilters = (
				ios,
				macos,
			);
			target = 0FF606E929373EDC004E66F7 /* EssentialFeed */;
			targetProxy = 0F9C778C294720DD000C280F /* PBXContainerItemProxy */;
		};
		0FF606F729373EDD004E66F7 /* PBXTargetDependency */ = {
			isa = PBXTargetDependency;
			target = 0FF606E929373EDC004E66F7 /* EssentialFeed */;
			targetProxy = 0FF606F629373EDD004E66F7 /* PBXContainerItemProxy */;
		};
/* End PBXTargetDependency section */

/* Begin XCBuildConfiguration section */
		0F294D60294973DF009742A2 /* Debug */ = {
			isa = XCBuildConfiguration;
			buildSettings = {
				CODE_SIGN_STYLE = Automatic;
				CURRENT_PROJECT_VERSION = 1;
				DEFINES_MODULE = YES;
				DEVELOPMENT_TEAM = R5599LYD4Y;
				DYLIB_COMPATIBILITY_VERSION = 1;
				DYLIB_CURRENT_VERSION = 1;
				DYLIB_INSTALL_NAME_BASE = "@rpath";
				GENERATE_INFOPLIST_FILE = YES;
				INFOPLIST_KEY_NSHumanReadableCopyright = "";
				INSTALL_PATH = "$(LOCAL_LIBRARY_DIR)/Frameworks";
				IPHONEOS_DEPLOYMENT_TARGET = 16.1;
				LD_RUNPATH_SEARCH_PATHS = (
					"$(inherited)",
					"@executable_path/Frameworks",
					"@loader_path/Frameworks",
				);
				MARKETING_VERSION = 1.0;
				PRODUCT_BUNDLE_IDENTIFIER = com.minyanghuang.EssentialFeediOS;
				PRODUCT_NAME = "$(TARGET_NAME:c99extidentifier)";
				SKIP_INSTALL = YES;
				SWIFT_EMIT_LOC_STRINGS = YES;
				SWIFT_VERSION = 5.0;
				TARGETED_DEVICE_FAMILY = "1,2";
			};
			name = Debug;
		};
		0F294D61294973DF009742A2 /* Release */ = {
			isa = XCBuildConfiguration;
			buildSettings = {
				CODE_SIGN_STYLE = Automatic;
				CURRENT_PROJECT_VERSION = 1;
				DEFINES_MODULE = YES;
				DEVELOPMENT_TEAM = R5599LYD4Y;
				DYLIB_COMPATIBILITY_VERSION = 1;
				DYLIB_CURRENT_VERSION = 1;
				DYLIB_INSTALL_NAME_BASE = "@rpath";
				GENERATE_INFOPLIST_FILE = YES;
				INFOPLIST_KEY_NSHumanReadableCopyright = "";
				INSTALL_PATH = "$(LOCAL_LIBRARY_DIR)/Frameworks";
				IPHONEOS_DEPLOYMENT_TARGET = 16.1;
				LD_RUNPATH_SEARCH_PATHS = (
					"$(inherited)",
					"@executable_path/Frameworks",
					"@loader_path/Frameworks",
				);
				MARKETING_VERSION = 1.0;
				PRODUCT_BUNDLE_IDENTIFIER = com.minyanghuang.EssentialFeediOS;
				PRODUCT_NAME = "$(TARGET_NAME:c99extidentifier)";
				SKIP_INSTALL = YES;
				SWIFT_EMIT_LOC_STRINGS = YES;
				SWIFT_VERSION = 5.0;
				TARGETED_DEVICE_FAMILY = "1,2";
			};
			name = Release;
		};
		0F294D63294973DF009742A2 /* Debug */ = {
			isa = XCBuildConfiguration;
			buildSettings = {
				ALWAYS_EMBED_SWIFT_STANDARD_LIBRARIES = YES;
				CLANG_ENABLE_MODULES = YES;
				CODE_SIGN_STYLE = Automatic;
				CURRENT_PROJECT_VERSION = 1;
				DEVELOPMENT_TEAM = R5599LYD4Y;
				GENERATE_INFOPLIST_FILE = YES;
				IPHONEOS_DEPLOYMENT_TARGET = 16.1;
				LD_RUNPATH_SEARCH_PATHS = (
					"$(inherited)",
					"@executable_path/Frameworks",
					"@loader_path/Frameworks",
				);
				MARKETING_VERSION = 1.0;
				PRODUCT_BUNDLE_IDENTIFIER = com.minyanghuang.EssentialFeediOSTests;
				PRODUCT_NAME = "$(TARGET_NAME)";
				SWIFT_EMIT_LOC_STRINGS = NO;
				SWIFT_OPTIMIZATION_LEVEL = "-Onone";
				SWIFT_VERSION = 5.0;
				TARGETED_DEVICE_FAMILY = "1,2";
			};
			name = Debug;
		};
		0F294D64294973DF009742A2 /* Release */ = {
			isa = XCBuildConfiguration;
			buildSettings = {
				ALWAYS_EMBED_SWIFT_STANDARD_LIBRARIES = YES;
				CLANG_ENABLE_MODULES = YES;
				CODE_SIGN_STYLE = Automatic;
				CURRENT_PROJECT_VERSION = 1;
				DEVELOPMENT_TEAM = R5599LYD4Y;
				GENERATE_INFOPLIST_FILE = YES;
				IPHONEOS_DEPLOYMENT_TARGET = 16.1;
				LD_RUNPATH_SEARCH_PATHS = (
					"$(inherited)",
					"@executable_path/Frameworks",
					"@loader_path/Frameworks",
				);
				MARKETING_VERSION = 1.0;
				PRODUCT_BUNDLE_IDENTIFIER = com.minyanghuang.EssentialFeediOSTests;
				PRODUCT_NAME = "$(TARGET_NAME)";
				SWIFT_EMIT_LOC_STRINGS = NO;
				SWIFT_VERSION = 5.0;
				TARGETED_DEVICE_FAMILY = "1,2";
			};
			name = Release;
		};
		0F30648C293DD957003571CA /* Debug */ = {
			isa = XCBuildConfiguration;
			buildSettings = {
				ALLOW_TARGET_PLATFORM_SPECIALIZATION = YES;
				CODE_SIGN_STYLE = Automatic;
				CURRENT_PROJECT_VERSION = 1;
				DEVELOPMENT_TEAM = R5599LYD4Y;
				GENERATE_INFOPLIST_FILE = YES;
				IPHONEOS_DEPLOYMENT_TARGET = 16.0;
				MACOSX_DEPLOYMENT_TARGET = 12.0;
				MARKETING_VERSION = 1.0;
				PRODUCT_BUNDLE_IDENTIFIER = com.minyanghuang.EssentialFeedAPIEndToEndTests;
				PRODUCT_NAME = "$(TARGET_NAME)";
				SUPPORTED_PLATFORMS = "macosx iphonesimulator iphoneos";
				SUPPORTS_MACCATALYST = YES;
				SWIFT_EMIT_LOC_STRINGS = NO;
				SWIFT_VERSION = 5.0;
				TARGETED_DEVICE_FAMILY = "1,2";
			};
			name = Debug;
		};
		0F30648D293DD957003571CA /* Release */ = {
			isa = XCBuildConfiguration;
			buildSettings = {
				ALLOW_TARGET_PLATFORM_SPECIALIZATION = YES;
				CODE_SIGN_STYLE = Automatic;
				CURRENT_PROJECT_VERSION = 1;
				DEVELOPMENT_TEAM = R5599LYD4Y;
				GENERATE_INFOPLIST_FILE = YES;
				IPHONEOS_DEPLOYMENT_TARGET = 16.0;
				MACOSX_DEPLOYMENT_TARGET = 12.0;
				MARKETING_VERSION = 1.0;
				PRODUCT_BUNDLE_IDENTIFIER = com.minyanghuang.EssentialFeedAPIEndToEndTests;
				PRODUCT_NAME = "$(TARGET_NAME)";
				SUPPORTED_PLATFORMS = "macosx iphonesimulator iphoneos";
				SUPPORTS_MACCATALYST = YES;
				SWIFT_EMIT_LOC_STRINGS = NO;
				SWIFT_VERSION = 5.0;
				TARGETED_DEVICE_FAMILY = "1,2";
			};
			name = Release;
		};
		0F9C778F294720DD000C280F /* Debug */ = {
			isa = XCBuildConfiguration;
			buildSettings = {
				CODE_SIGN_STYLE = Automatic;
				CURRENT_PROJECT_VERSION = 1;
				DEAD_CODE_STRIPPING = YES;
				DEVELOPMENT_TEAM = R5599LYD4Y;
				GENERATE_INFOPLIST_FILE = YES;
				MACOSX_DEPLOYMENT_TARGET = 12.0;
				MARKETING_VERSION = 1.0;
				PRODUCT_BUNDLE_IDENTIFIER = com.minyanghuang.EssentialFeedCacheIntegrationTests;
				PRODUCT_NAME = "$(TARGET_NAME)";
				SDKROOT = macosx;
				SUPPORTED_PLATFORMS = "iphoneos iphonesimulator macosx";
				SUPPORTS_MACCATALYST = NO;
				SUPPORTS_MAC_DESIGNED_FOR_IPHONE_IPAD = NO;
				SWIFT_EMIT_LOC_STRINGS = NO;
				SWIFT_VERSION = 5.0;
				TARGETED_DEVICE_FAMILY = "1,2";
			};
			name = Debug;
		};
		0F9C7790294720DD000C280F /* Release */ = {
			isa = XCBuildConfiguration;
			buildSettings = {
				CODE_SIGN_STYLE = Automatic;
				CURRENT_PROJECT_VERSION = 1;
				DEAD_CODE_STRIPPING = YES;
				DEVELOPMENT_TEAM = R5599LYD4Y;
				GENERATE_INFOPLIST_FILE = YES;
				MACOSX_DEPLOYMENT_TARGET = 12.0;
				MARKETING_VERSION = 1.0;
				PRODUCT_BUNDLE_IDENTIFIER = com.minyanghuang.EssentialFeedCacheIntegrationTests;
				PRODUCT_NAME = "$(TARGET_NAME)";
				SDKROOT = macosx;
				SUPPORTED_PLATFORMS = "iphoneos iphonesimulator macosx";
				SUPPORTS_MACCATALYST = NO;
				SUPPORTS_MAC_DESIGNED_FOR_IPHONE_IPAD = NO;
				SWIFT_EMIT_LOC_STRINGS = NO;
				SWIFT_VERSION = 5.0;
				TARGETED_DEVICE_FAMILY = "1,2";
			};
			name = Release;
		};
		0FF606FC29373EDD004E66F7 /* Debug */ = {
			isa = XCBuildConfiguration;
			buildSettings = {
				ALWAYS_SEARCH_USER_PATHS = NO;
				CLANG_ANALYZER_NONNULL = YES;
				CLANG_ANALYZER_NUMBER_OBJECT_CONVERSION = YES_AGGRESSIVE;
				CLANG_CXX_LANGUAGE_STANDARD = "gnu++20";
				CLANG_ENABLE_MODULES = YES;
				CLANG_ENABLE_OBJC_ARC = YES;
				CLANG_ENABLE_OBJC_WEAK = YES;
				CLANG_WARN_BLOCK_CAPTURE_AUTORELEASING = YES;
				CLANG_WARN_BOOL_CONVERSION = YES;
				CLANG_WARN_COMMA = YES;
				CLANG_WARN_CONSTANT_CONVERSION = YES;
				CLANG_WARN_DEPRECATED_OBJC_IMPLEMENTATIONS = YES;
				CLANG_WARN_DIRECT_OBJC_ISA_USAGE = YES_ERROR;
				CLANG_WARN_DOCUMENTATION_COMMENTS = YES;
				CLANG_WARN_EMPTY_BODY = YES;
				CLANG_WARN_ENUM_CONVERSION = YES;
				CLANG_WARN_INFINITE_RECURSION = YES;
				CLANG_WARN_INT_CONVERSION = YES;
				CLANG_WARN_NON_LITERAL_NULL_CONVERSION = YES;
				CLANG_WARN_OBJC_IMPLICIT_RETAIN_SELF = YES;
				CLANG_WARN_OBJC_LITERAL_CONVERSION = YES;
				CLANG_WARN_OBJC_ROOT_CLASS = YES_ERROR;
				CLANG_WARN_QUOTED_INCLUDE_IN_FRAMEWORK_HEADER = YES;
				CLANG_WARN_RANGE_LOOP_ANALYSIS = YES;
				CLANG_WARN_STRICT_PROTOTYPES = YES;
				CLANG_WARN_SUSPICIOUS_MOVE = YES;
				CLANG_WARN_UNGUARDED_AVAILABILITY = YES_AGGRESSIVE;
				CLANG_WARN_UNREACHABLE_CODE = YES;
				CLANG_WARN__DUPLICATE_METHOD_MATCH = YES;
				COPY_PHASE_STRIP = NO;
				CURRENT_PROJECT_VERSION = 1;
				DEBUG_INFORMATION_FORMAT = dwarf;
				ENABLE_STRICT_OBJC_MSGSEND = YES;
				ENABLE_TESTABILITY = YES;
				GCC_C_LANGUAGE_STANDARD = gnu11;
				GCC_DYNAMIC_NO_PIC = NO;
				GCC_NO_COMMON_BLOCKS = YES;
				GCC_OPTIMIZATION_LEVEL = 0;
				GCC_PREPROCESSOR_DEFINITIONS = (
					"DEBUG=1",
					"$(inherited)",
				);
				GCC_WARN_64_TO_32_BIT_CONVERSION = YES;
				GCC_WARN_ABOUT_RETURN_TYPE = YES_ERROR;
				GCC_WARN_UNDECLARED_SELECTOR = YES;
				GCC_WARN_UNINITIALIZED_AUTOS = YES_AGGRESSIVE;
				GCC_WARN_UNUSED_FUNCTION = YES;
				GCC_WARN_UNUSED_VARIABLE = YES;
				IPHONEOS_DEPLOYMENT_TARGET = 16.0;
				MACOSX_DEPLOYMENT_TARGET = 13.0;
				MTL_ENABLE_DEBUG_INFO = INCLUDE_SOURCE;
				MTL_FAST_MATH = YES;
				ONLY_ACTIVE_ARCH = YES;
				SDKROOT = iphoneos;
				SWIFT_ACTIVE_COMPILATION_CONDITIONS = DEBUG;
				SWIFT_OPTIMIZATION_LEVEL = "-Onone";
				VERSIONING_SYSTEM = "apple-generic";
				VERSION_INFO_PREFIX = "";
			};
			name = Debug;
		};
		0FF606FD29373EDD004E66F7 /* Release */ = {
			isa = XCBuildConfiguration;
			buildSettings = {
				ALWAYS_SEARCH_USER_PATHS = NO;
				CLANG_ANALYZER_NONNULL = YES;
				CLANG_ANALYZER_NUMBER_OBJECT_CONVERSION = YES_AGGRESSIVE;
				CLANG_CXX_LANGUAGE_STANDARD = "gnu++20";
				CLANG_ENABLE_MODULES = YES;
				CLANG_ENABLE_OBJC_ARC = YES;
				CLANG_ENABLE_OBJC_WEAK = YES;
				CLANG_WARN_BLOCK_CAPTURE_AUTORELEASING = YES;
				CLANG_WARN_BOOL_CONVERSION = YES;
				CLANG_WARN_COMMA = YES;
				CLANG_WARN_CONSTANT_CONVERSION = YES;
				CLANG_WARN_DEPRECATED_OBJC_IMPLEMENTATIONS = YES;
				CLANG_WARN_DIRECT_OBJC_ISA_USAGE = YES_ERROR;
				CLANG_WARN_DOCUMENTATION_COMMENTS = YES;
				CLANG_WARN_EMPTY_BODY = YES;
				CLANG_WARN_ENUM_CONVERSION = YES;
				CLANG_WARN_INFINITE_RECURSION = YES;
				CLANG_WARN_INT_CONVERSION = YES;
				CLANG_WARN_NON_LITERAL_NULL_CONVERSION = YES;
				CLANG_WARN_OBJC_IMPLICIT_RETAIN_SELF = YES;
				CLANG_WARN_OBJC_LITERAL_CONVERSION = YES;
				CLANG_WARN_OBJC_ROOT_CLASS = YES_ERROR;
				CLANG_WARN_QUOTED_INCLUDE_IN_FRAMEWORK_HEADER = YES;
				CLANG_WARN_RANGE_LOOP_ANALYSIS = YES;
				CLANG_WARN_STRICT_PROTOTYPES = YES;
				CLANG_WARN_SUSPICIOUS_MOVE = YES;
				CLANG_WARN_UNGUARDED_AVAILABILITY = YES_AGGRESSIVE;
				CLANG_WARN_UNREACHABLE_CODE = YES;
				CLANG_WARN__DUPLICATE_METHOD_MATCH = YES;
				COPY_PHASE_STRIP = NO;
				CURRENT_PROJECT_VERSION = 1;
				DEBUG_INFORMATION_FORMAT = "dwarf-with-dsym";
				ENABLE_NS_ASSERTIONS = NO;
				ENABLE_STRICT_OBJC_MSGSEND = YES;
				GCC_C_LANGUAGE_STANDARD = gnu11;
				GCC_NO_COMMON_BLOCKS = YES;
				GCC_WARN_64_TO_32_BIT_CONVERSION = YES;
				GCC_WARN_ABOUT_RETURN_TYPE = YES_ERROR;
				GCC_WARN_UNDECLARED_SELECTOR = YES;
				GCC_WARN_UNINITIALIZED_AUTOS = YES_AGGRESSIVE;
				GCC_WARN_UNUSED_FUNCTION = YES;
				GCC_WARN_UNUSED_VARIABLE = YES;
				IPHONEOS_DEPLOYMENT_TARGET = 16.0;
				MACOSX_DEPLOYMENT_TARGET = 13.0;
				MTL_ENABLE_DEBUG_INFO = NO;
				MTL_FAST_MATH = YES;
				SDKROOT = iphoneos;
				SWIFT_COMPILATION_MODE = wholemodule;
				SWIFT_OPTIMIZATION_LEVEL = "-O";
				VALIDATE_PRODUCT = YES;
				VERSIONING_SYSTEM = "apple-generic";
				VERSION_INFO_PREFIX = "";
			};
			name = Release;
		};
		0FF606FF29373EDD004E66F7 /* Debug */ = {
			isa = XCBuildConfiguration;
			buildSettings = {
				ALLOW_TARGET_PLATFORM_SPECIALIZATION = YES;
				CODE_SIGN_STYLE = Automatic;
				CURRENT_PROJECT_VERSION = 1;
				DEFINES_MODULE = YES;
				DEVELOPMENT_TEAM = R5599LYD4Y;
				DYLIB_COMPATIBILITY_VERSION = 1;
				DYLIB_CURRENT_VERSION = 1;
				DYLIB_INSTALL_NAME_BASE = "@rpath";
				GENERATE_INFOPLIST_FILE = YES;
				INFOPLIST_KEY_NSHumanReadableCopyright = "";
				INSTALL_PATH = "$(LOCAL_LIBRARY_DIR)/Frameworks";
				IPHONEOS_DEPLOYMENT_TARGET = 16.0;
				LD_RUNPATH_SEARCH_PATHS = (
					"$(inherited)",
					"@executable_path/Frameworks",
					"@loader_path/Frameworks",
				);
				MACOSX_DEPLOYMENT_TARGET = 12.0;
				MARKETING_VERSION = 1.0;
				PRODUCT_BUNDLE_IDENTIFIER = com.minyanghuang.EssentialFeed;
				PRODUCT_NAME = "$(TARGET_NAME:c99extidentifier)";
				SKIP_INSTALL = YES;
				SUPPORTED_PLATFORMS = "macosx iphonesimulator iphoneos";
				SUPPORTS_MACCATALYST = YES;
				SWIFT_EMIT_LOC_STRINGS = YES;
				SWIFT_VERSION = 5.0;
				TARGETED_DEVICE_FAMILY = "1,2";
			};
			name = Debug;
		};
		0FF6070029373EDD004E66F7 /* Release */ = {
			isa = XCBuildConfiguration;
			buildSettings = {
				ALLOW_TARGET_PLATFORM_SPECIALIZATION = YES;
				CODE_SIGN_STYLE = Automatic;
				CURRENT_PROJECT_VERSION = 1;
				DEFINES_MODULE = YES;
				DEVELOPMENT_TEAM = R5599LYD4Y;
				DYLIB_COMPATIBILITY_VERSION = 1;
				DYLIB_CURRENT_VERSION = 1;
				DYLIB_INSTALL_NAME_BASE = "@rpath";
				GENERATE_INFOPLIST_FILE = YES;
				INFOPLIST_KEY_NSHumanReadableCopyright = "";
				INSTALL_PATH = "$(LOCAL_LIBRARY_DIR)/Frameworks";
				IPHONEOS_DEPLOYMENT_TARGET = 16.0;
				LD_RUNPATH_SEARCH_PATHS = (
					"$(inherited)",
					"@executable_path/Frameworks",
					"@loader_path/Frameworks",
				);
				MACOSX_DEPLOYMENT_TARGET = 12.0;
				MARKETING_VERSION = 1.0;
				PRODUCT_BUNDLE_IDENTIFIER = com.minyanghuang.EssentialFeed;
				PRODUCT_NAME = "$(TARGET_NAME:c99extidentifier)";
				SKIP_INSTALL = YES;
				SUPPORTED_PLATFORMS = "macosx iphonesimulator iphoneos";
				SUPPORTS_MACCATALYST = YES;
				SWIFT_EMIT_LOC_STRINGS = YES;
				SWIFT_VERSION = 5.0;
				TARGETED_DEVICE_FAMILY = "1,2";
			};
			name = Release;
		};
		0FF6070229373EDD004E66F7 /* Debug */ = {
			isa = XCBuildConfiguration;
			buildSettings = {
				ALLOW_TARGET_PLATFORM_SPECIALIZATION = YES;
				ALWAYS_EMBED_SWIFT_STANDARD_LIBRARIES = YES;
				CODE_SIGN_STYLE = Automatic;
				CURRENT_PROJECT_VERSION = 1;
				DEVELOPMENT_TEAM = R5599LYD4Y;
				GENERATE_INFOPLIST_FILE = YES;
				IPHONEOS_DEPLOYMENT_TARGET = 16.0;
				MACOSX_DEPLOYMENT_TARGET = 12.0;
				MARKETING_VERSION = 1.0;
				PRODUCT_BUNDLE_IDENTIFIER = com.minyanghuang.EssentialFeedTests;
				PRODUCT_NAME = "$(TARGET_NAME)";
				SUPPORTED_PLATFORMS = "macosx iphonesimulator iphoneos";
				SUPPORTS_MACCATALYST = YES;
				SWIFT_EMIT_LOC_STRINGS = NO;
				SWIFT_VERSION = 5.0;
				TARGETED_DEVICE_FAMILY = "1,2";
			};
			name = Debug;
		};
		0FF6070329373EDD004E66F7 /* Release */ = {
			isa = XCBuildConfiguration;
			buildSettings = {
				ALLOW_TARGET_PLATFORM_SPECIALIZATION = YES;
				ALWAYS_EMBED_SWIFT_STANDARD_LIBRARIES = YES;
				CODE_SIGN_STYLE = Automatic;
				CURRENT_PROJECT_VERSION = 1;
				DEVELOPMENT_TEAM = R5599LYD4Y;
				GENERATE_INFOPLIST_FILE = YES;
				IPHONEOS_DEPLOYMENT_TARGET = 16.0;
				MACOSX_DEPLOYMENT_TARGET = 12.0;
				MARKETING_VERSION = 1.0;
				PRODUCT_BUNDLE_IDENTIFIER = com.minyanghuang.EssentialFeedTests;
				PRODUCT_NAME = "$(TARGET_NAME)";
				SUPPORTED_PLATFORMS = "macosx iphonesimulator iphoneos";
				SUPPORTS_MACCATALYST = YES;
				SWIFT_EMIT_LOC_STRINGS = NO;
				SWIFT_VERSION = 5.0;
				TARGETED_DEVICE_FAMILY = "1,2";
			};
			name = Release;
		};
/* End XCBuildConfiguration section */

/* Begin XCConfigurationList section */
		0F294D5F294973DF009742A2 /* Build configuration list for PBXNativeTarget "EssentialFeediOS" */ = {
			isa = XCConfigurationList;
			buildConfigurations = (
				0F294D60294973DF009742A2 /* Debug */,
				0F294D61294973DF009742A2 /* Release */,
			);
			defaultConfigurationIsVisible = 0;
			defaultConfigurationName = Release;
		};
		0F294D62294973DF009742A2 /* Build configuration list for PBXNativeTarget "EssentialFeediOSTests" */ = {
			isa = XCConfigurationList;
			buildConfigurations = (
				0F294D63294973DF009742A2 /* Debug */,
				0F294D64294973DF009742A2 /* Release */,
			);
			defaultConfigurationIsVisible = 0;
			defaultConfigurationName = Release;
		};
		0F30648B293DD957003571CA /* Build configuration list for PBXNativeTarget "EssentialFeedAPIEndToEndTests" */ = {
			isa = XCConfigurationList;
			buildConfigurations = (
				0F30648C293DD957003571CA /* Debug */,
				0F30648D293DD957003571CA /* Release */,
			);
			defaultConfigurationIsVisible = 0;
			defaultConfigurationName = Release;
		};
		0F9C778E294720DD000C280F /* Build configuration list for PBXNativeTarget "EssentialFeedCacheIntegrationTests" */ = {
			isa = XCConfigurationList;
			buildConfigurations = (
				0F9C778F294720DD000C280F /* Debug */,
				0F9C7790294720DD000C280F /* Release */,
			);
			defaultConfigurationIsVisible = 0;
			defaultConfigurationName = Release;
		};
		0FF606E429373EDC004E66F7 /* Build configuration list for PBXProject "EssentialFeed" */ = {
			isa = XCConfigurationList;
			buildConfigurations = (
				0FF606FC29373EDD004E66F7 /* Debug */,
				0FF606FD29373EDD004E66F7 /* Release */,
			);
			defaultConfigurationIsVisible = 0;
			defaultConfigurationName = Release;
		};
		0FF606FE29373EDD004E66F7 /* Build configuration list for PBXNativeTarget "EssentialFeed" */ = {
			isa = XCConfigurationList;
			buildConfigurations = (
				0FF606FF29373EDD004E66F7 /* Debug */,
				0FF6070029373EDD004E66F7 /* Release */,
			);
			defaultConfigurationIsVisible = 0;
			defaultConfigurationName = Release;
		};
		0FF6070129373EDD004E66F7 /* Build configuration list for PBXNativeTarget "EssentialFeedTests" */ = {
			isa = XCConfigurationList;
			buildConfigurations = (
				0FF6070229373EDD004E66F7 /* Debug */,
				0FF6070329373EDD004E66F7 /* Release */,
			);
			defaultConfigurationIsVisible = 0;
			defaultConfigurationName = Release;
		};
/* End XCConfigurationList section */

/* Begin XCVersionGroup section */
		0F9C77742946C98D000C280F /* FeedStore.xcdatamodeld */ = {
			isa = XCVersionGroup;
			children = (
				0F9C77752946C98D000C280F /* FeedStore.xcdatamodel */,
			);
			currentVersion = 0F9C77752946C98D000C280F /* FeedStore.xcdatamodel */;
			path = FeedStore.xcdatamodeld;
			sourceTree = "<group>";
			versionGroupType = wrapper.xcdatamodel;
		};
/* End XCVersionGroup section */
	};
	rootObject = 0FF606E129373EDC004E66F7 /* Project object */;
}
